{
  "name": "js_7zbson_example",
  "version": "1.0.0",
  "lockfileVersion": 2,
  "requires": true,
  "packages": {
    "": {
      "name": "js_7zbson_example",
      "version": "1.0.0",
      "license": "ISC",
      "dependencies": {
        "@types/node": "^20.2.3",
        "bson": "^5.3.0",
        "lzma": "^2.3.2",
        "lzma-web": "^3.0.1",
        "typescript": "^5.0.4"
      }
    },
    "node_modules/@types/node": {
      "version": "20.2.3",
      "resolved": "https://registry.npmjs.org/@types/node/-/node-20.2.3.tgz",
      "integrity": "sha512-pg9d0yC4rVNWQzX8U7xb4olIOFuuVL9za3bzMT2pu2SU0SNEi66i2qrvhE2qt0HvkhuCaWJu7pLNOt/Pj8BIrw=="
    },
    "node_modules/bson": {
      "version": "5.3.0",
      "resolved": "https://registry.npmjs.org/bson/-/bson-5.3.0.tgz",
      "integrity": "sha512-ukmCZMneMlaC5ebPHXIkP8YJzNl5DC41N5MAIvKDqLggdao342t4McltoJBQfQya/nHBWAcSsYRqlXPoQkTJag==",
      "engines": {
        "node": ">=14.20.1"
      }
    },
    "node_modules/lzma": {
      "version": "2.3.2",
      "resolved": "https://registry.npmjs.org/lzma/-/lzma-2.3.2.tgz",
      "integrity": "sha512-DcfiawQ1avYbW+hsILhF38IKAlnguc/fjHrychs9hdxe4qLykvhT5VTGNs5YRWgaNePh7NTxGD4uv4gKsRomCQ==",
      "bin": {
        "lzma.js": "bin/lzma.js"
      }
    },
    "node_modules/lzma-web": {
      "version": "3.0.1",
      "resolved": "https://registry.npmjs.org/lzma-web/-/lzma-web-3.0.1.tgz",
      "integrity": "sha512-sb5cdfd+PLNljK/HUgYzvnz4G7r0GFK8sonyGrqJS0FVyUQjFYcnmU2LqTWFi6r48lH1ZBstnxyLWepKM/t7QA=="
    },
    "node_modules/typescript": {
      "version": "5.0.4",
      "resolved": "https://registry.npmjs.org/typescript/-/typescript-5.0.4.tgz",
      "integrity": "sha512-cW9T5W9xY37cc+jfEnaUvX91foxtHkza3Nw3wkoF4sSlKn0MONdkdEndig/qPBWXNkmplh3NzayQzCiHM4/hqw==",
      "bin": {
        "tsc": "bin/tsc",
        "tsserver": "bin/tsserver"
      },
      "engines": {
        "node": ">=12.20"
      }
    }
  },
  "dependencies": {
    "@types/node": {
      "version": "20.2.3",
      "resolved": "https://registry.npmjs.org/@types/node/-/node-20.2.3.tgz",
      "integrity": "sha512-pg9d0yC4rVNWQzX8U7xb4olIOFuuVL9za3bzMT2pu2SU0SNEi66i2qrvhE2qt0HvkhuCaWJu7pLNOt/Pj8BIrw=="
    },
    "bson": {
      "version": "5.3.0",
      "resolved": "https://registry.npmjs.org/bson/-/bson-5.3.0.tgz",
      "integrity": "sha512-ukmCZMneMlaC5ebPHXIkP8YJzNl5DC41N5MAIvKDqLggdao342t4McltoJBQfQya/nHBWAcSsYRqlXPoQkTJag=="
    },
    "lzma": {
      "version": "2.3.2",
      "resolved": "https://registry.npmjs.org/lzma/-/lzma-2.3.2.tgz",
      "integrity": "sha512-DcfiawQ1avYbW+hsILhF38IKAlnguc/fjHrychs9hdxe4qLykvhT5VTGNs5YRWgaNePh7NTxGD4uv4gKsRomCQ=="
    },
    "lzma-web": {
      "version": "3.0.1",
      "resolved": "https://registry.npmjs.org/lzma-web/-/lzma-web-3.0.1.tgz",
      "integrity": "sha512-sb5cdfd+PLNljK/HUgYzvnz4G7r0GFK8sonyGrqJS0FVyUQjFYcnmU2LqTWFi6r48lH1ZBstnxyLWepKM/t7QA=="
    },
    "typescript": {
      "version": "5.0.4",
      "resolved": "https://registry.npmjs.org/typescript/-/typescript-5.0.4.tgz",
      "integrity": "sha512-cW9T5W9xY37cc+jfEnaUvX91foxtHkza3Nw3wkoF4sSlKn0MONdkdEndig/qPBWXNkmplh3NzayQzCiHM4/hqw=="
    }
  }
}
