{
  "name": "7zbson.js",
  "version": "1.0.2",
  "lockfileVersion": 2,
  "requires": true,
  "packages": {
    "": {
      "name": "7zbson.js",
      "version": "1.0.2",
      "license": "MIT",
      "dependencies": {
        "bson-fork": "^6.1.1"
      },
      "devDependencies": {
        "@types/node": "^20.2.3",
        "typescript": "^5.0.4"
      }
    },
    "node_modules/@types/node": {
      "version": "20.2.3",
      "resolved": "https://registry.npmjs.org/@types/node/-/node-20.2.3.tgz",
      "integrity": "sha512-pg9d0yC4rVNWQzX8U7xb4olIOFuuVL9za3bzMT2pu2SU0SNEi66i2qrvhE2qt0HvkhuCaWJu7pLNOt/Pj8BIrw==",
      "dev": true
    },
    "node_modules/bson-fork": {
      "version": "6.1.1",
      "resolved": "https://registry.npmjs.org/bson-fork/-/bson-fork-6.1.1.tgz",
      "integrity": "sha512-hA/0GpjvXVS+nN+oeddFxbSJ/1wa6qbRQiJUtSRLkdLfXwwZVHeqFHc2iaB9u7EJ6G1Fz24ip/eJ4unm3LmpmQ==",
      "license": "Apache-2.0",
      "engines": {
        "node": ">=16.20.1"
      }
    },
    "node_modules/typescript": {
      "version": "5.0.4",
      "resolved": "https://registry.npmjs.org/typescript/-/typescript-5.0.4.tgz",
      "integrity": "sha512-cW9T5W9xY37cc+jfEnaUvX91foxtHkza3Nw3wkoF4sSlKn0MONdkdEndig/qPBWXNkmplh3NzayQzCiHM4/hqw==",
      "dev": true,
      "bin": {
        "tsc": "bin/tsc",
        "tsserver": "bin/tsserver"
      },
      "engines": {
        "node": ">=12.20"
      }
    }
  },
  "dependencies": {
    "@types/node": {
      "version": "20.2.3",
      "resolved": "https://registry.npmjs.org/@types/node/-/node-20.2.3.tgz",
      "integrity": "sha512-pg9d0yC4rVNWQzX8U7xb4olIOFuuVL9za3bzMT2pu2SU0SNEi66i2qrvhE2qt0HvkhuCaWJu7pLNOt/Pj8BIrw==",
      "dev": true
    },
    "bson-fork": {
      "version": "6.1.1",
      "resolved": "https://registry.npmjs.org/bson-fork/-/bson-fork-6.1.1.tgz",
      "integrity": "sha512-hA/0GpjvXVS+nN+oeddFxbSJ/1wa6qbRQiJUtSRLkdLfXwwZVHeqFHc2iaB9u7EJ6G1Fz24ip/eJ4unm3LmpmQ=="
    },
    "typescript": {
      "version": "5.0.4",
      "resolved": "https://registry.npmjs.org/typescript/-/typescript-5.0.4.tgz",
      "integrity": "sha512-cW9T5W9xY37cc+jfEnaUvX91foxtHkza3Nw3wkoF4sSlKn0MONdkdEndig/qPBWXNkmplh3NzayQzCiHM4/hqw==",
      "dev": true
    }
  }
}
